
Microsoft Visual Studio Solution File, Format Version 12.00
# Visual Studio Version 17
VisualStudioVersion = 17.9.34607.119
MinimumVisualStudioVersion = 10.0.40219.1
Project("{FAE04EC0-301F-11D3-BF4B-00C04F79EFBC}") = "appStock", "appStock\appStock.csproj", "{A0F44B91-284B-4A21-B70F-5E68138DCDC9}"
EndProject
Project("{FAE04EC0-301F-11D3-BF4B-00C04F79EFBC}") = "negocio", "negocio\negocio.csproj", "{14A97BC4-2F68-428B-9C50-A3780AEFBF78}"
EndProject
Project("{FAE04EC0-301F-11D3-BF4B-00C04F79EFBC}") = "dominio", "dominio\dominio.csproj", "{133D68C1-97BD-4934-8F0B-451DE5652962}"
EndProject
Global
	GlobalSection(SolutionConfigurationPlatforms) = preSolution
		Debug|Any CPU = Debug|Any CPU
		Release|Any CPU = Release|Any CPU
	EndGlobalSection
	GlobalSection(ProjectConfigurationPlatforms) = postSolution
		{A0F44B91-284B-4A21-B70F-5E68138DCDC9}.Debug|Any CPU.ActiveCfg = Debug|Any CPU
		{A0F44B91-284B-4A21-B70F-5E68138DCDC9}.Debug|Any CPU.Build.0 = Debug|Any CPU
		{A0F44B91-284B-4A21-B70F-5E68138DCDC9}.Release|Any CPU.ActiveCfg = Release|Any CPU
		{A0F44B91-284B-4A21-B70F-5E68138DCDC9}.Release|Any CPU.Build.0 = Release|Any CPU
		{14A97BC4-2F68-428B-9C50-A3780AEFBF78}.Debug|Any CPU.ActiveCfg = Debug|Any CPU
		{14A97BC4-2F68-428B-9C50-A3780AEFBF78}.Debug|Any CPU.Build.0 = Debug|Any CPU
		{14A97BC4-2F68-428B-9C50-A3780AEFBF78}.Release|Any CPU.ActiveCfg = Release|Any CPU
		{14A97BC4-2F68-428B-9C50-A3780AEFBF78}.Release|Any CPU.Build.0 = Release|Any CPU
		{133D68C1-97BD-4934-8F0B-451DE5652962}.Debug|Any CPU.ActiveCfg = Debug|Any CPU
		{133D68C1-97BD-4934-8F0B-451DE5652962}.Debug|Any CPU.Build.0 = Debug|Any CPU
		{133D68C1-97BD-4934-8F0B-451DE5652962}.Release|Any CPU.ActiveCfg = Release|Any CPU
		{133D68C1-97BD-4934-8F0B-451DE5652962}.Release|Any CPU.Build.0 = Release|Any CPU
	EndGlobalSection
	GlobalSection(SolutionProperties) = preSolution
		HideSolutionNode = FALSE
	EndGlobalSection
	GlobalSection(ExtensibilityGlobals) = postSolution
		SolutionGuid = {42715C91-B9F3-4309-8A0A-20C722B1EBF5}
	EndGlobalSection
EndGlobal
